
Microsoft Visual Studio Solution File, Format Version 12.00
# Visual Studio 14
VisualStudioVersion = 14.0.23107.0
MinimumVisualStudioVersion = 10.0.40219.1
Project("{FAE04EC0-301F-11D3-BF4B-00C04F79EFBC}") = "AccountDashboard.Web", "AccountDashboard.Web\AccountDashboard.Web.csproj", "{B0831342-62FE-4285-BB2E-EB0E6C61F5C9}"
EndProject
Project("{00D1A9C2-B5F0-4AF3-8072-F6C62B433612}") = "AccountDashboard.Database", "AccountDashboard.Database\AccountDashboard.Database.sqlproj", "{0CF94DE0-5450-4CF4-B1FD-6E683DD1F988}"
EndProject
Project("{FAE04EC0-301F-11D3-BF4B-00C04F79EFBC}") = "AccountDashboard.Service", "AccountDashboard.Service\AccountDashboard.Service.csproj", "{8D45A40F-E061-4D64-8E12-DFDE88508FE3}"
EndProject
Project("{FAE04EC0-301F-11D3-BF4B-00C04F79EFBC}") = "AccountDashboard.Data", "AccountDashboard.Data\AccountDashboard.Data.csproj", "{C3246E1C-6E43-4DA2-AB6C-B3BE5A9C7BC5}"
EndProject
Project("{FAE04EC0-301F-11D3-BF4B-00C04F79EFBC}") = "AccountDashboard.Model", "AccountDashboard.Model\AccountDashboard.Model.csproj", "{573820FD-1281-48F6-9181-8CBE0906BB00}"
EndProject
Global
	GlobalSection(SolutionConfigurationPlatforms) = preSolution
		Debug|Any CPU = Debug|Any CPU
		Release|Any CPU = Release|Any CPU
	EndGlobalSection
	GlobalSection(ProjectConfigurationPlatforms) = postSolution
		{B0831342-62FE-4285-BB2E-EB0E6C61F5C9}.Debug|Any CPU.ActiveCfg = Debug|Any CPU
		{B0831342-62FE-4285-BB2E-EB0E6C61F5C9}.Debug|Any CPU.Build.0 = Debug|Any CPU
		{B0831342-62FE-4285-BB2E-EB0E6C61F5C9}.Release|Any CPU.ActiveCfg = Release|Any CPU
		{B0831342-62FE-4285-BB2E-EB0E6C61F5C9}.Release|Any CPU.Build.0 = Release|Any CPU
		{0CF94DE0-5450-4CF4-B1FD-6E683DD1F988}.Debug|Any CPU.ActiveCfg = Debug|Any CPU
		{0CF94DE0-5450-4CF4-B1FD-6E683DD1F988}.Debug|Any CPU.Build.0 = Debug|Any CPU
		{0CF94DE0-5450-4CF4-B1FD-6E683DD1F988}.Debug|Any CPU.Deploy.0 = Debug|Any CPU
		{0CF94DE0-5450-4CF4-B1FD-6E683DD1F988}.Release|Any CPU.ActiveCfg = Release|Any CPU
		{0CF94DE0-5450-4CF4-B1FD-6E683DD1F988}.Release|Any CPU.Build.0 = Release|Any CPU
		{0CF94DE0-5450-4CF4-B1FD-6E683DD1F988}.Release|Any CPU.Deploy.0 = Release|Any CPU
		{8D45A40F-E061-4D64-8E12-DFDE88508FE3}.Debug|Any CPU.ActiveCfg = Debug|Any CPU
		{8D45A40F-E061-4D64-8E12-DFDE88508FE3}.Debug|Any CPU.Build.0 = Debug|Any CPU
		{8D45A40F-E061-4D64-8E12-DFDE88508FE3}.Release|Any CPU.ActiveCfg = Release|Any CPU
		{8D45A40F-E061-4D64-8E12-DFDE88508FE3}.Release|Any CPU.Build.0 = Release|Any CPU
		{C3246E1C-6E43-4DA2-AB6C-B3BE5A9C7BC5}.Debug|Any CPU.ActiveCfg = Debug|Any CPU
		{C3246E1C-6E43-4DA2-AB6C-B3BE5A9C7BC5}.Debug|Any CPU.Build.0 = Debug|Any CPU
		{C3246E1C-6E43-4DA2-AB6C-B3BE5A9C7BC5}.Release|Any CPU.ActiveCfg = Release|Any CPU
		{C3246E1C-6E43-4DA2-AB6C-B3BE5A9C7BC5}.Release|Any CPU.Build.0 = Release|Any CPU
		{573820FD-1281-48F6-9181-8CBE0906BB00}.Debug|Any CPU.ActiveCfg = Debug|Any CPU
		{573820FD-1281-48F6-9181-8CBE0906BB00}.Debug|Any CPU.Build.0 = Debug|Any CPU
		{573820FD-1281-48F6-9181-8CBE0906BB00}.Release|Any CPU.ActiveCfg = Release|Any CPU
		{573820FD-1281-48F6-9181-8CBE0906BB00}.Release|Any CPU.Build.0 = Release|Any CPU
	EndGlobalSection
	GlobalSection(SolutionProperties) = preSolution
		HideSolutionNode = FALSE
	EndGlobalSection
EndGlobal
